
Microsoft Visual Studio Solution File, Format Version 12.00
# Visual Studio Version 16
VisualStudioVersion = 16.0.31025.194
MinimumVisualStudioVersion = 10.0.40219.1
Project("{FAE04EC0-301F-11D3-BF4B-00C04F79EFBC}") = "縱火0709", "縱火0709\縱火0709.csproj", "{E4C474D5-6E3E-4713-BBEE-82D61EA73E50}"
EndProject
Global
	GlobalSection(SolutionConfigurationPlatforms) = preSolution
		Debug|Any CPU = Debug|Any CPU
		Release|Any CPU = Release|Any CPU
	EndGlobalSection
	GlobalSection(ProjectConfigurationPlatforms) = postSolution
		{E4C474D5-6E3E-4713-BBEE-82D61EA73E50}.Debug|Any CPU.ActiveCfg = Debug|Any CPU
		{E4C474D5-6E3E-4713-BBEE-82D61EA73E50}.Debug|Any CPU.Build.0 = Debug|Any CPU
		{E4C474D5-6E3E-4713-BBEE-82D61EA73E50}.Release|Any CPU.ActiveCfg = Release|Any CPU
		{E4C474D5-6E3E-4713-BBEE-82D61EA73E50}.Release|Any CPU.Build.0 = Release|Any CPU
	EndGlobalSection
	GlobalSection(SolutionProperties) = preSolution
		HideSolutionNode = FALSE
	EndGlobalSection
	GlobalSection(ExtensibilityGlobals) = postSolution
		SolutionGuid = {C3FF0212-845D-4013-9D03-4CF5BCFEC943}
	EndGlobalSection
EndGlobal
